%{"bootloader": {:hex, :bootloader, "0.1.2", "835ddcf50b796714658f342061d5d48ebc34cbd0d81cdbd5a5a8ae00705d72b1", [], [{:distillery, "~> 1.0", [hex: :distillery, repo: "hexpm", optional: false]}], "hexpm"},
  "certifi": {:hex, :certifi, "1.2.1", "c3904f192bd5284e5b13f20db3ceac9626e14eeacfbb492e19583cf0e37b22be", [], [], "hexpm"},
  "chromecast": {:hex, :chromecast, "0.1.5", "6ffd7615b2abdee3c2394c7190f18c6fb17d67736c00eca11860fa904552a466", [], [{:exprotobuf, "~> 1.1.0", [hex: :exprotobuf, repo: "hexpm", optional: false]}, {:poison, "~> 2.2.0", [hex: :poison, repo: "hexpm", optional: false]}], "hexpm"},
  "cicada": {:git, "https://github.com/rosetta-home/cicada.git", "98432961d419292ed0ac3208e0939d10fbf9461a", []},
  "cipher": {:hex, :cipher, "1.3.3", "ed0ea13e8d0ede4f7e70ec9c220aceadbd654af612813c9040c48fd452fc054e", [], [{:plug, ">= 1.1.0", [hex: :plug, repo: "hexpm", optional: false]}, {:poison, "~> 2.0 or ~> 3.0", [hex: :poison, repo: "hexpm", optional: false]}], "hexpm"},
  "cowboy": {:hex, :cowboy, "1.1.2", "61ac29ea970389a88eca5a65601460162d370a70018afe6f949a29dca91f3bb0", [], [{:cowlib, "~> 1.0.2", [hex: :cowlib, repo: "hexpm", optional: false]}, {:ranch, "~> 1.3.2", [hex: :ranch, repo: "hexpm", optional: false]}], "hexpm"},
  "cowlib": {:hex, :cowlib, "1.0.2", "9d769a1d062c9c3ac753096f868ca121e2730b9a377de23dec0f7e08b1df84ee", [], [], "hexpm"},
  "distillery": {:hex, :distillery, "1.5.1", "7ad7354214959c0f65f57ddd49478c81c3b2733ca2e5ccfb9eb55351108466aa", [], [], "hexpm"},
  "dns": {:hex, :dns, "1.0.1", "1d88187fdf564d937cee202949141090707fd0c9d7fcae903a6878ef24ef5d1e", [], [{:socket, "~> 0.3.12", [hex: :socket, repo: "hexpm", optional: false]}], "hexpm"},
  "elixir_make": {:hex, :elixir_make, "0.4.0", "992f38fabe705bb45821a728f20914c554b276838433349d4f2341f7a687cddf", [], [], "hexpm"},
  "exprotobuf": {:hex, :exprotobuf, "1.1.0", "0d91a0b527abac118e03361d12eac7262299cdda3a0316fc60763557c227c890", [], [{:gpb, "~> 3.24", [hex: :gpb, repo: "hexpm", optional: false]}], "hexpm"},
  "gen_mqtt": {:hex, :gen_mqtt, "0.3.1", "6ce6af7c2bcb125d5b4125c67c5ab1f29bcec2638236509bcc6abf510a6661ed", [], [{:vmq_commons, "1.0.0", [hex: :vmq_commons, repo: "hexpm", optional: false]}], "hexpm"},
  "gpb": {:hex, :gpb, "3.27.6", "fa7f40fb6966ec79d3efe7fc713167552f943c777e45110e064f97f5aaa20c83", [], [], "hexpm"},
  "hackney": {:hex, :hackney, "1.8.6", "21a725db3569b3fb11a6af17d5c5f654052ce9624219f1317e8639183de4a423", [], [{:certifi, "1.2.1", [hex: :certifi, repo: "hexpm", optional: false]}, {:idna, "5.0.2", [hex: :idna, repo: "hexpm", optional: false]}, {:metrics, "1.0.1", [hex: :metrics, repo: "hexpm", optional: false]}, {:mimerl, "1.0.2", [hex: :mimerl, repo: "hexpm", optional: false]}, {:ssl_verify_fun, "1.1.1", [hex: :ssl_verify_fun, repo: "hexpm", optional: false]}], "hexpm"},
  "httpoison": {:hex, :httpoison, "0.11.2", "9e59f17a473ef6948f63c51db07320477bad8ba88cf1df60a3eee01150306665", [], [{:hackney, "~> 1.8.0", [hex: :hackney, repo: "hexpm", optional: false]}], "hexpm"},
  "idna": {:hex, :idna, "5.0.2", "ac203208ada855d95dc591a764b6e87259cb0e2a364218f215ad662daa8cd6b4", [], [{:unicode_util_compat, "0.2.0", [hex: :unicode_util_compat, repo: "hexpm", optional: false]}], "hexpm"},
  "ieq_gateway": {:hex, :ieq_gateway, "0.1.4", "eaed8548717a2b0ecac4502c731b2992dbb8270a8f4c02e418b1d9663838d297", [], [{:nerves_uart, "~> 0.1.1", [hex: :nerves_uart, repo: "hexpm", optional: false]}], "hexpm"},
  "lifx": {:hex, :lifx, "0.1.7", "e213d63b4c8982ce6914849620b92f6cde63e8d91f66d3feca63e8015e69b39d", [], [{:cowboy, "~> 1.0", [hex: :cowboy, repo: "hexpm", optional: false]}, {:poison, "~> 2.1", [hex: :poison, repo: "hexpm", optional: false]}], "hexpm"},
  "mdns": {:hex, :mdns, "0.1.6", "b51b902b15b50e0e1522483c6a5fb073413e3d3d6ef52a44b93a541460b47d29", [], [{:dns, "~> 1.0", [hex: :dns, repo: "hexpm", optional: false]}], "hexpm"},
  "meteo_stick": {:hex, :meteo_stick, "0.2.5", "a4446530b0c0798d0b34e17868fa6e2f3d6348621d7679510b9fe92ec4b3f181", [], [{:nerves_uart, "~> 0.1.2", [hex: :nerves_uart, repo: "hexpm", optional: false]}], "hexpm"},
  "metrics": {:hex, :metrics, "1.0.1", "25f094dea2cda98213cecc3aeff09e940299d950904393b2a29d191c346a8486", [], [], "hexpm"},
  "mime": {:hex, :mime, "1.1.0", "01c1d6f4083d8aa5c7b8c246ade95139620ef8effb009edde934e0ec3b28090a", [], [], "hexpm"},
  "mimerl": {:hex, :mimerl, "1.0.2", "993f9b0e084083405ed8252b99460c4f0563e41729ab42d9074fd5e52439be88", [], [], "hexpm"},
  "nerves": {:hex, :nerves, "0.7.5", "3aa6a336b2ad6c1c9589cc2b577511b3c4c375c1ba6c533ab9f88adb8c21f0c3", [], [{:distillery, "~> 1.4", [hex: :distillery, repo: "hexpm", optional: false]}], "hexpm"},
  "nerves_firmware": {:hex, :nerves_firmware, "0.4.0", "ac2fed915a7ca4bb69f567d9b742d77cffc3a6a56420ce65e870c8c34119b935", [], [], "hexpm"},
  "nerves_firmware_http": {:git, "https://github.com/nerves-project/nerves_firmware_http.git", "6d2e2bdceeb11408795ed1b30d67797c76c86209", []},
  "nerves_interim_wifi": {:git, "https://github.com/rosetta-home/nerves_interim_wifi.git", "8b96addef1644397195e5247b595c19c4ed29a4e", []},
  "nerves_network_interface": {:hex, :nerves_network_interface, "0.4.2", "7a3663a07803f2f9f1e37146714d24ccec1e9349268586e4ed8c41f38641d837", [], [{:elixir_make, "~> 0.4", [hex: :elixir_make, repo: "hexpm", optional: false]}], "hexpm"},
  "nerves_runtime": {:hex, :nerves_runtime, "0.4.4", "26034bc7d13dbd46aab2f429f988656621a4d91872ccf5fa748c16630bd65016", [], [{:elixir_make, "~> 0.4", [hex: :elixir_make, repo: "hexpm", optional: false]}, {:system_registry, "~> 0.5", [hex: :system_registry, repo: "hexpm", optional: false]}], "hexpm"},
  "nerves_system_br": {:hex, :nerves_system_br, "0.13.7", "85399547717c0386a4f2039e3467c14a23c3b77f66a4b97c2a67e48734dab2bb", [], [], "hexpm"},
  "nerves_toolchain_armv6_rpi_linux_gnueabi": {:hex, :nerves_toolchain_armv6_rpi_linux_gnueabi, "0.11.0", "74ee72f15baffe773e41bae1baeef3942fc8f97fa47d9d1bf9db07c17eca90bd", [], [{:nerves, "~> 0.7", [hex: :nerves, repo: "hexpm", optional: false]}, {:nerves_toolchain_ctng, "~> 1.1", [hex: :nerves_toolchain_ctng, repo: "hexpm", optional: false]}], "hexpm"},
  "nerves_toolchain_ctng": {:hex, :nerves_toolchain_ctng, "1.1.0", "0f03e4a3f3beef5fe271de0148b9f106c417e57f303f635c21c74b4bd6eb68ee", [], [], "hexpm"},
  "nerves_uart": {:hex, :nerves_uart, "0.1.2", "4310dbb1721a5a007b8e5c416cf81754415bde6b7e2c9aa65a059886b85e637c", [], [{:elixir_make, "~> 0.4", [hex: :elixir_make, repo: "hexpm", optional: false]}], "hexpm"},
  "nerves_wpa_supplicant": {:git, "https://github.com/rosetta-home/nerves_wpa_supplicant.git", "d8f7d63e2754ca7e41c048ae07c5e3137c03ff90", []},
  "neurio": {:git, "https://github.com/NationalAssociationOfRealtors/neurio.git", "82443343cd99bc41a58f24d0ea8dc2b3ebb99a8d", []},
  "plug": {:hex, :plug, "1.4.3", "236d77ce7bf3e3a2668dc0d32a9b6f1f9b1f05361019946aae49874904be4aed", [], [{:cowboy, "~> 1.0.1 or ~> 1.1", [hex: :cowboy, repo: "hexpm", optional: true]}, {:mime, "~> 1.0", [hex: :mime, repo: "hexpm", optional: false]}], "hexpm"},
  "poison": {:hex, :poison, "3.1.0", "d9eb636610e096f86f25d9a46f35a9facac35609a7591b3be3326e99a0484665", [], [], "hexpm"},
  "radio_thermostat": {:git, "https://github.com/NationalAssociationOfRealtors/radio_thermostat.git", "e2dcc858ee0a326aa1920a724599cf26e4d645f7", []},
  "ranch": {:hex, :ranch, "1.3.2", "e4965a144dc9fbe70e5c077c65e73c57165416a901bd02ea899cfd95aa890986", [], [], "hexpm"},
  "raven_smcd": {:hex, :raven_smcd, "0.2.1", "2f974d93edce367769a9166b2082572b72113619129ab63786d850156814fce7", [], [{:nerves_uart, "~> 0.1.1", [hex: :nerves_uart, repo: "hexpm", optional: false]}, {:sweet_xml, "~> 0.6.1", [hex: :sweet_xml, repo: "hexpm", optional: false]}], "hexpm"},
  "rosetta_home_chromecast": {:git, "https://github.com/rosetta-home/rosetta_home_chromecast.git", "ae20b2198c800d7e876fd31b39e9f08ce2d2f1cd", []},
  "rosetta_home_ieq_sensor": {:git, "https://github.com/rosetta-home/rosetta_home_ieq_sensor.git", "d9ff496e2fd1072ff3ec3d0b46464c6b14f4d4fe", []},
  "rosetta_home_lifx": {:git, "https://github.com/rosetta-home/rosetta_home_lifx.git", "2431068757932647dd1969e20d46a781e7f83919", []},
  "rosetta_home_meteo_stick": {:git, "https://github.com/rosetta-home/rosetta_home_meteo_stick.git", "cfa11f8d2726b0fedb0dbaa1de4215f69ca6501c", []},
  "rosetta_home_neurio": {:git, "https://github.com/rosetta-home/rosetta_home_neurio.git", "c71d0ac0c6beb2f4daa1927707ac5079c9fb0f14", []},
  "rosetta_home_radio_thermostat": {:git, "https://github.com/rosetta-home/rosetta_home_radio_thermostat.git", "228d722da005b85fba3e6d1988a9c87c2e94e34a", []},
  "rosetta_home_raven_smcd": {:git, "https://github.com/rosetta-home/rosetta_home_raven_smcd.git", "e3e74c99a974fb77afd1694337ed00e2ef9a8f84", []},
  "socket": {:hex, :socket, "0.3.12", "4a6543815136503fee67eff0932da1742fad83f84c49130c854114153cc549a6", [], [], "hexpm"},
  "ssdp": {:hex, :ssdp, "0.1.7", "df31725a7caf4bba273c1bb26e4747c55162068cf77959c709689845a49b2733", [], [{:httpoison, "~> 0.11.1", [hex: :httpoison, repo: "hexpm", optional: false]}, {:poison, "~> 3.1", [hex: :poison, repo: "hexpm", optional: false]}, {:sweet_xml, "~> 0.6.5", [hex: :sweet_xml, repo: "hexpm", optional: false]}], "hexpm"},
  "ssl_verify_fun": {:hex, :ssl_verify_fun, "1.1.1", "28a4d65b7f59893bc2c7de786dec1e1555bd742d336043fe644ae956c3497fbe", [], [], "hexpm"},
  "statistics": {:hex, :statistics, "0.4.1", "e9bfe6649f70842d9ebce69aa31ac8b6928e096bde43b683d7d673057237d028", [], [], "hexpm"},
  "sweet_xml": {:hex, :sweet_xml, "0.6.5", "dd9cde443212b505d1b5f9758feb2000e66a14d3c449f04c572f3048c66e6697", [], [], "hexpm"},
  "system_registry": {:hex, :system_registry, "0.6.0", "31642177e6002d3cff2ada3553ed4e9c0a6ca015797d62d7d17c0ab8696185fc", [], [], "hexpm"},
  "unicode_util_compat": {:hex, :unicode_util_compat, "0.2.0", "dbbccf6781821b1c0701845eaf966c9b6d83d7c3bfc65ca2b78b88b8678bfa35", [], [], "hexpm"},
  "vmq_commons": {:hex, :vmq_commons, "1.0.0", "5f5005c12db33f92f40e818a3617fb148972d59adcf99298c9d3808ef3582e34", [], [], "hexpm"}}
