%{"certifi": {:hex, :certifi, "0.7.0", "861a57f3808f7eb0c2d1802afeaae0fa5de813b0df0979153cbafcd853ababaf", [:rebar3], []},
  "chromecast": {:hex, :chromecast, "0.1.3", "eca364c26e96b089e0ce2ccc5f197886ac6448512d5de0cd9a76cc26ab2a4a43", [:mix], [{:exprotobuf, "~> 1.1.0", [hex: :exprotobuf, optional: false]}, {:poison, "~> 2.2.0", [hex: :poison, optional: false]}]},
  "cicada": {:git, "https://github.com/rosetta-home/cicada.git", "2d4c216d1f37c4b82db10ad7643f8c46900c488f", []},
  "cipher": {:hex, :cipher, "1.3.0", "f0ab87bb5c89a284f24a997cd40acbdfef2f2fa2acd7dc0abcd487c7319c8f43", [:mix], [{:plug, ">= 1.1.0", [hex: :plug, optional: false]}, {:poison, "~> 2.0", [hex: :poison, optional: false]}]},
  "cowboy": {:hex, :cowboy, "1.1.2", "61ac29ea970389a88eca5a65601460162d370a70018afe6f949a29dca91f3bb0", [:rebar3], [{:cowlib, "~> 1.0.2", [hex: :cowlib, optional: false]}, {:ranch, "~> 1.3.2", [hex: :ranch, optional: false]}]},
  "cowlib": {:hex, :cowlib, "1.0.2", "9d769a1d062c9c3ac753096f868ca121e2730b9a377de23dec0f7e08b1df84ee", [:make], []},
  "distillery": {:hex, :distillery, "1.1.2", "4cf32ecc70ca7eecca9e52e111edf320bd78011050825863cd8bc7ffee686c5d", [:mix], []},
  "dns": {:hex, :dns, "0.0.4", "2e347a0a03e8345bc70c6d69ed08788103a3bec81b93e4636b1b432110835436", [:mix], [{:socket, "~> 0.3.5", [hex: :socket, optional: false]}]},
  "elixir_make": {:hex, :elixir_make, "0.4.0", "992f38fabe705bb45821a728f20914c554b276838433349d4f2341f7a687cddf", [:mix], []},
  "exjsx": {:hex, :exjsx, "3.2.1", "1bc5bf1e4fd249104178f0885030bcd75a4526f4d2a1e976f4b428d347614f0f", [:mix], [{:jsx, "~> 2.8.0", [hex: :jsx, optional: false]}]},
  "exprotobuf": {:hex, :exprotobuf, "1.1.0", "0d91a0b527abac118e03361d12eac7262299cdda3a0316fc60763557c227c890", [:mix], [{:gpb, "~> 3.24", [hex: :gpb, optional: false]}]},
  "gpb": {:hex, :gpb, "3.26.6", "cd0b7e29d896bc7650ccbc4b6681db6cbec7a9c6d8a3d5e0e8b9bee454377597", [:make, :rebar], []},
  "hackney": {:hex, :hackney, "1.6.5", "8c025ee397ac94a184b0743c73b33b96465e85f90a02e210e86df6cbafaa5065", [:rebar3], [{:certifi, "0.7.0", [hex: :certifi, optional: false]}, {:idna, "1.2.0", [hex: :idna, optional: false]}, {:metrics, "1.0.1", [hex: :metrics, optional: false]}, {:mimerl, "1.0.2", [hex: :mimerl, optional: false]}, {:ssl_verify_fun, "1.1.1", [hex: :ssl_verify_fun, optional: false]}]},
  "httpoison": {:hex, :httpoison, "0.8.3", "b675a3fdc839a0b8d7a285c6b3747d6d596ae70b6ccb762233a990d7289ccae4", [:mix], [{:hackney, "~> 1.6.0", [hex: :hackney, optional: false]}]},
  "idna": {:hex, :idna, "1.2.0", "ac62ee99da068f43c50dc69acf700e03a62a348360126260e87f2b54eced86b2", [:rebar3], []},
  "ieq_gateway": {:hex, :ieq_gateway, "0.1.4", "eaed8548717a2b0ecac4502c731b2992dbb8270a8f4c02e418b1d9663838d297", [:mix], [{:nerves_uart, "~> 0.1.1", [hex: :nerves_uart, optional: false]}]},
  "jsx": {:hex, :jsx, "2.8.2", "7acc7d785b5abe8a6e9adbde926a24e481f29956dd8b4df49e3e4e7bcc92a018", [:mix, :rebar3], []},
  "lifx": {:hex, :lifx, "0.1.7", "e213d63b4c8982ce6914849620b92f6cde63e8d91f66d3feca63e8015e69b39d", [:mix], [{:cowboy, "~> 1.0", [hex: :cowboy, optional: false]}, {:poison, "~> 2.1", [hex: :poison, optional: false]}]},
  "mdns": {:hex, :mdns, "0.1.5", "566548ae7a1b806e2beb0d3b69a7858580c2f9fec4f8f128602a59a09f3aab39", [:mix], [{:dns, "~> 0.0.4", [hex: :dns, optional: false]}]},
  "meteo_stick": {:hex, :meteo_stick, "0.2.2", "177e62bf4d3c69eba947c806e9a4af71f224b7253c46a3407a1e64d977651302", [:mix], [{:nerves_uart, "~> 0.1.1", [hex: :nerves_uart, optional: false]}]},
  "metrics": {:hex, :metrics, "1.0.1", "25f094dea2cda98213cecc3aeff09e940299d950904393b2a29d191c346a8486", [:rebar3], []},
  "mime": {:hex, :mime, "1.1.0", "01c1d6f4083d8aa5c7b8c246ade95139620ef8effb009edde934e0ec3b28090a", [:mix], []},
  "mimerl": {:hex, :mimerl, "1.0.2", "993f9b0e084083405ed8252b99460c4f0563e41729ab42d9074fd5e52439be88", [:rebar3], []},
  "movi": {:hex, :movi, "0.1.1", "6f17b9f86d3d75b5e8ac566c97522fb3c3f9ab71bdfd47b4571538cefbcd0210", [:mix], [{:nerves_uart, "~> 0.1.1", [hex: :nerves_uart, optional: false]}]},
  "nerves": {:git, "https://github.com/nerves-project/nerves.git", "58583670f4c4eadab33d25015f99dce44827a7e7", [tag: "v0.4.7"]},
  "nerves_firmware": {:git, "https://github.com/nerves-project/nerves_firmware.git", "b783df3867c82dc0abe6770079077a6f922c00a9", []},
  "nerves_firmware_http": {:git, "https://github.com/nerves-project/nerves_firmware_http.git", "d8206a58ba7184bd8419080fc51d13543af705ca", []},
  "nerves_interim_wifi": {:git, "https://github.com/rosetta-home/nerves_interim_wifi.git", "8b96addef1644397195e5247b595c19c4ed29a4e", []},
  "nerves_network_interface": {:hex, :nerves_network_interface, "0.4.0", "a8e7662cd56fb4fe9060c891d35c43bbbff692ee6fd2d5efd538717da0cd96b8", [:make, :mix], [{:elixir_make, "~> 0.3", [hex: :elixir_make, optional: false]}]},
  "nerves_system_br": {:hex, :nerves_system_br, "0.9.4", "5096a9dfec49d4663ccb94c4a4fe45885303fbf31108f7e9400369bdec94b5e7", [:mix], []},
  "nerves_system_rpi3": {:git, "https://github.com/rosetta-home/nerves_system_rpi3.git", "0872a4486479f72b578443be9331af9f9b679cba", [tag: "v0.10.2"]},
  "nerves_toolchain_arm_unknown_linux_gnueabihf": {:hex, :nerves_toolchain_arm_unknown_linux_gnueabihf, "0.9.0", "5a1bca8c46776ad24c358ab58800ed470f91a3e294ac6eb8ffda0041954781e1", [:mix], [{:nerves, "~> 0.4.0", [hex: :nerves, optional: false]}, {:nerves_toolchain_ctng, "~> 0.8.0", [hex: :nerves_toolchain_ctng, optional: false]}]},
  "nerves_toolchain_ctng": {:hex, :nerves_toolchain_ctng, "0.8.0", "6dff7ed51e1711c5f4da3d559bc528a8265e3dd950dda95f4d6832aed9dbe320", [:mix], []},
  "nerves_uart": {:hex, :nerves_uart, "0.1.1", "32e6186b1a1b1d744631126df0b6c4049ddde5b04bc0303de29ab86a2edf60a2", [:make, :mix], [{:elixir_make, "~> 0.3", [hex: :elixir_make, optional: false]}]},
  "nerves_wpa_supplicant": {:git, "https://github.com/rosetta-home/nerves_wpa_supplicant.git", "d8f7d63e2754ca7e41c048ae07c5e3137c03ff90", []},
  "plug": {:hex, :plug, "1.3.0", "6e2b01afc5db3fd011ca4a16efd9cb424528c157c30a44a0186bcc92c7b2e8f3", [:mix], [{:cowboy, "~> 1.0.1 or ~> 1.1", [hex: :cowboy, optional: true]}, {:mime, "~> 1.0", [hex: :mime, optional: false]}]},
  "poison": {:hex, :poison, "3.1.0", "d9eb636610e096f86f25d9a46f35a9facac35609a7591b3be3326e99a0484665", [:mix], []},
  "radio_thermostat": {:git, "https://github.com/NationalAssociationOfRealtors/radio_thermostat.git", "1e515b070c879ae84e5d7b7ff50351e589462d03", []},
  "ranch": {:hex, :ranch, "1.3.2", "e4965a144dc9fbe70e5c077c65e73c57165416a901bd02ea899cfd95aa890986", [:rebar3], []},
  "raven_smcd": {:hex, :raven_smcd, "0.2.0", "b81140550b06adefd21056f3bfd23aa46394bd245bba67fb6970ff8dbb24e4f5", [:mix], [{:nerves_uart, "~> 0.1.1", [hex: :nerves_uart, optional: false]}, {:sweet_xml, "~> 0.6.1", [hex: :sweet_xml, optional: false]}]},
  "rosetta_home_chromecast": {:git, "https://github.com/rosetta-home/rosetta_home_chromecast.git", "08ee3e3e0b258a3c3ba2f118e90e91d902eee104", []},
  "rosetta_home_ieq_sensor": {:git, "https://github.com/rosetta-home/rosetta_home_ieq_sensor.git", "9175740bb80f6913972130e11fca4166cdbd501d", []},
  "rosetta_home_lifx": {:git, "https://github.com/rosetta-home/rosetta_home_lifx.git", "a41447b7110950d2d65ce69206d5f88bd57edfbf", []},
  "rosetta_home_meteo_stick": {:git, "https://github.com/rosetta-home/rosetta_home_meteo_stick.git", "14fff441640e80be1171cfd96049a99a300777ad", []},
  "rosetta_home_radio_thermostat": {:git, "https://github.com/rosetta-home/rosetta_home_radio_thermostat.git", "d8076a9587e46b040618a676938908c6c84df21f", []},
  "rosetta_home_raven_smcd": {:git, "https://github.com/rosetta-home/rosetta_home_raven_smcd.git", "937f358fa16f72ba4d585593ab4b4c376eb1252c", []},
  "socket": {:hex, :socket, "0.3.7", "68c029a8449fc6efc5f4c3bdf6d8b19ca94d3304e419f364c5cfc8b716f7c219", [:mix], []},
  "ssdp": {:hex, :ssdp, "0.1.2", "e6bb53c3a422e93cf99d96f043f1c4ddac7d7b350a8d210ee2a9d08cd082c11c", [:mix], [{:httpoison, "~> 0.8.3", [hex: :httpoison, optional: false]}, {:poison, "~> 2.0", [hex: :poison, optional: false]}, {:sweet_xml, "~> 0.6.1", [hex: :sweet_xml, optional: false]}]},
  "ssl_verify_fun": {:hex, :ssl_verify_fun, "1.1.1", "28a4d65b7f59893bc2c7de786dec1e1555bd742d336043fe644ae956c3497fbe", [:make, :rebar], []},
  "statistics": {:hex, :statistics, "0.4.1", "e9bfe6649f70842d9ebce69aa31ac8b6928e096bde43b683d7d673057237d028", [:mix], []},
  "sweet_xml": {:hex, :sweet_xml, "0.6.5", "dd9cde443212b505d1b5f9758feb2000e66a14d3c449f04c572f3048c66e6697", [:mix], []}}
