%{"certifi": {:hex, :certifi, "1.1.0", "c9b71a547016c2528a590ccfc28de786c7edb74aafa17446b84f54e04efc00ee", [:rebar3], []},
  "chromecast": {:hex, :chromecast, "0.1.5", "6ffd7615b2abdee3c2394c7190f18c6fb17d67736c00eca11860fa904552a466", [:mix], [{:exprotobuf, "~> 1.1.0", [hex: :exprotobuf, optional: false]}, {:poison, "~> 2.2.0", [hex: :poison, optional: false]}]},
  "cicada": {:git, "https://github.com/rosetta-home/cicada.git", "1662a624d3a13e57c45114a2bc7635c4c867d581", []},
  "cipher": {:hex, :cipher, "1.3.0", "f0ab87bb5c89a284f24a997cd40acbdfef2f2fa2acd7dc0abcd487c7319c8f43", [:mix], [{:plug, ">= 1.1.0", [hex: :plug, optional: false]}, {:poison, "~> 2.0", [hex: :poison, optional: false]}]},
  "cowboy": {:hex, :cowboy, "1.1.2", "61ac29ea970389a88eca5a65601460162d370a70018afe6f949a29dca91f3bb0", [:rebar3], [{:cowlib, "~> 1.0.2", [hex: :cowlib, optional: false]}, {:ranch, "~> 1.3.2", [hex: :ranch, optional: false]}]},
  "cowlib": {:hex, :cowlib, "1.0.2", "9d769a1d062c9c3ac753096f868ca121e2730b9a377de23dec0f7e08b1df84ee", [:make], []},
  "distillery": {:hex, :distillery, "1.1.2", "4cf32ecc70ca7eecca9e52e111edf320bd78011050825863cd8bc7ffee686c5d", [:mix], []},
  "dns": {:hex, :dns, "0.0.4", "2e347a0a03e8345bc70c6d69ed08788103a3bec81b93e4636b1b432110835436", [:mix], [{:socket, "~> 0.3.5", [hex: :socket, optional: false]}]},
  "elixir_make": {:hex, :elixir_make, "0.4.0", "992f38fabe705bb45821a728f20914c554b276838433349d4f2341f7a687cddf", [:mix], []},
  "exjsx": {:hex, :exjsx, "4.0.0", "60548841e0212df401e38e63c0078ec57b33e7ea49b032c796ccad8cde794b5c", [:mix], [{:jsx, "~> 2.8.0", [hex: :jsx, optional: false]}]},
  "exprotobuf": {:hex, :exprotobuf, "1.1.0", "0d91a0b527abac118e03361d12eac7262299cdda3a0316fc60763557c227c890", [:mix], [{:gpb, "~> 3.24", [hex: :gpb, optional: false]}]},
  "gen_mqtt": {:hex, :gen_mqtt, "0.3.1", "6ce6af7c2bcb125d5b4125c67c5ab1f29bcec2638236509bcc6abf510a6661ed", [:mix], [{:vmq_commons, "1.0.0", [hex: :vmq_commons, optional: false]}]},
  "gpb": {:hex, :gpb, "3.26.8", "9051411bb8b992ae9c681a64aeb598a36a4e55f613551d5461128573447155e2", [:make, :rebar], []},
  "hackney": {:hex, :hackney, "1.8.0", "8388a22f4e7eb04d171f2cf0285b217410f266d6c13a4c397a6c22ab823a486c", [:rebar3], [{:certifi, "1.1.0", [hex: :certifi, optional: false]}, {:idna, "4.0.0", [hex: :idna, optional: false]}, {:metrics, "1.0.1", [hex: :metrics, optional: false]}, {:mimerl, "1.0.2", [hex: :mimerl, optional: false]}, {:ssl_verify_fun, "1.1.1", [hex: :ssl_verify_fun, optional: false]}]},
  "httpoison": {:hex, :httpoison, "0.11.2", "9e59f17a473ef6948f63c51db07320477bad8ba88cf1df60a3eee01150306665", [:mix], [{:hackney, "~> 1.8.0", [hex: :hackney, optional: false]}]},
  "idna": {:hex, :idna, "4.0.0", "10aaa9f79d0b12cf0def53038547855b91144f1bfcc0ec73494f38bb7b9c4961", [:rebar3], []},
  "ieq_gateway": {:hex, :ieq_gateway, "0.1.4", "eaed8548717a2b0ecac4502c731b2992dbb8270a8f4c02e418b1d9663838d297", [:mix], [{:nerves_uart, "~> 0.1.1", [hex: :nerves_uart, optional: false]}]},
  "jsx": {:hex, :jsx, "2.8.2", "7acc7d785b5abe8a6e9adbde926a24e481f29956dd8b4df49e3e4e7bcc92a018", [:mix, :rebar3], []},
  "lifx": {:hex, :lifx, "0.1.7", "e213d63b4c8982ce6914849620b92f6cde63e8d91f66d3feca63e8015e69b39d", [:mix], [{:cowboy, "~> 1.0", [hex: :cowboy, optional: false]}, {:poison, "~> 2.1", [hex: :poison, optional: false]}]},
  "mdns": {:hex, :mdns, "0.1.5", "566548ae7a1b806e2beb0d3b69a7858580c2f9fec4f8f128602a59a09f3aab39", [:mix], [{:dns, "~> 0.0.4", [hex: :dns, optional: false]}]},
  "meteo_stick": {:hex, :meteo_stick, "0.2.2", "177e62bf4d3c69eba947c806e9a4af71f224b7253c46a3407a1e64d977651302", [:mix], [{:nerves_uart, "~> 0.1.1", [hex: :nerves_uart, optional: false]}]},
  "metrics": {:hex, :metrics, "1.0.1", "25f094dea2cda98213cecc3aeff09e940299d950904393b2a29d191c346a8486", [:rebar3], []},
  "mime": {:hex, :mime, "1.1.0", "01c1d6f4083d8aa5c7b8c246ade95139620ef8effb009edde934e0ec3b28090a", [:mix], []},
  "mimerl": {:hex, :mimerl, "1.0.2", "993f9b0e084083405ed8252b99460c4f0563e41729ab42d9074fd5e52439be88", [:rebar3], []},
  "movi": {:hex, :movi, "0.1.1", "6f17b9f86d3d75b5e8ac566c97522fb3c3f9ab71bdfd47b4571538cefbcd0210", [:mix], [{:nerves_uart, "~> 0.1.1", [hex: :nerves_uart, optional: false]}]},
  "nerves": {:git, "https://github.com/nerves-project/nerves.git", "58583670f4c4eadab33d25015f99dce44827a7e7", [tag: "v0.4.7"]},
  "nerves_firmware": {:hex, :nerves_firmware, "0.3.0", "e04dda1dc6ce13bc39f79596a14805e233e5fa78b29e21c2a71eb65691753fe9", [:mix], []},
  "nerves_firmware_http": {:git, "https://github.com/nerves-project/nerves_firmware_http.git", "8ba09b83602a3d1447a024375525aacb57b657c3", []},
  "nerves_interim_wifi": {:git, "https://github.com/rosetta-home/nerves_interim_wifi.git", "8b96addef1644397195e5247b595c19c4ed29a4e", []},
  "nerves_network_interface": {:hex, :nerves_network_interface, "0.4.0", "a8e7662cd56fb4fe9060c891d35c43bbbff692ee6fd2d5efd538717da0cd96b8", [:make, :mix], [{:elixir_make, "~> 0.3", [hex: :elixir_make, optional: false]}]},
  "nerves_uart": {:hex, :nerves_uart, "0.1.2", "4310dbb1721a5a007b8e5c416cf81754415bde6b7e2c9aa65a059886b85e637c", [:make, :mix], [{:elixir_make, "~> 0.4", [hex: :elixir_make, optional: false]}]},
  "nerves_wpa_supplicant": {:git, "https://github.com/rosetta-home/nerves_wpa_supplicant.git", "d8f7d63e2754ca7e41c048ae07c5e3137c03ff90", []},
  "neurio": {:git, "https://github.com/NationalAssociationOfRealtors/neurio.git", "9caf4f5844ae71e2934c65f5693b15086a23a532", []},
  "plug": {:hex, :plug, "1.3.5", "7503bfcd7091df2a9761ef8cecea666d1f2cc454cbbaf0afa0b6e259203b7031", [:mix], [{:cowboy, "~> 1.0.1 or ~> 1.1", [hex: :cowboy, optional: true]}, {:mime, "~> 1.0", [hex: :mime, optional: false]}]},
  "poison": {:hex, :poison, "3.1.0", "d9eb636610e096f86f25d9a46f35a9facac35609a7591b3be3326e99a0484665", [:mix], []},
  "radio_thermostat": {:git, "https://github.com/NationalAssociationOfRealtors/radio_thermostat.git", "76648f06192f3565c226a7c0bb1ab4fbb7ba05fd", []},
  "ranch": {:hex, :ranch, "1.3.2", "e4965a144dc9fbe70e5c077c65e73c57165416a901bd02ea899cfd95aa890986", [:rebar3], []},
  "raven_smcd": {:hex, :raven_smcd, "0.2.1", "2f974d93edce367769a9166b2082572b72113619129ab63786d850156814fce7", [:mix], [{:nerves_uart, "~> 0.1.1", [hex: :nerves_uart, optional: false]}, {:sweet_xml, "~> 0.6.1", [hex: :sweet_xml, optional: false]}]},
  "rosetta_home_chromecast": {:git, "https://github.com/rosetta-home/rosetta_home_chromecast.git", "ae20b2198c800d7e876fd31b39e9f08ce2d2f1cd", []},
  "rosetta_home_ieq_sensor": {:git, "https://github.com/rosetta-home/rosetta_home_ieq_sensor.git", "d9ff496e2fd1072ff3ec3d0b46464c6b14f4d4fe", []},
  "rosetta_home_lifx": {:git, "https://github.com/rosetta-home/rosetta_home_lifx.git", "2431068757932647dd1969e20d46a781e7f83919", []},
  "rosetta_home_meteo_stick": {:git, "https://github.com/rosetta-home/rosetta_home_meteo_stick.git", "97837ad7daa828150f028f73e92972894188b6a9", []},
  "rosetta_home_neurio": {:git, "https://github.com/rosetta-home/rosetta_home_neurio.git", "286aa0b6512346103e4341669de5ddccc498504d", []},
  "rosetta_home_radio_thermostat": {:git, "https://github.com/rosetta-home/rosetta_home_radio_thermostat.git", "11081bfc3a7e72a0e2dfdf0caba71a03be21355d", []},
  "rosetta_home_raven_smcd": {:git, "https://github.com/rosetta-home/rosetta_home_raven_smcd.git", "e3e74c99a974fb77afd1694337ed00e2ef9a8f84", []},
  "socket": {:hex, :socket, "0.3.11", "46004230045c2207c0b90adb9abe3ba15a83e634b341ac37af39a4adf48ed00b", [:mix], []},
  "ssdp": {:hex, :ssdp, "0.1.5", "eab956e520ee4f161551a586ac6da032d5129081de41b616de98af18856a3ce1", [:mix], [{:httpoison, "~> 0.11.1", [hex: :httpoison, optional: false]}, {:poison, "~> 3.1", [hex: :poison, optional: false]}, {:sweet_xml, "~> 0.6.5", [hex: :sweet_xml, optional: false]}]},
  "ssl_verify_fun": {:hex, :ssl_verify_fun, "1.1.1", "28a4d65b7f59893bc2c7de786dec1e1555bd742d336043fe644ae956c3497fbe", [:make, :rebar], []},
  "statistics": {:hex, :statistics, "0.4.1", "e9bfe6649f70842d9ebce69aa31ac8b6928e096bde43b683d7d673057237d028", [:mix], []},
  "sweet_xml": {:hex, :sweet_xml, "0.6.5", "dd9cde443212b505d1b5f9758feb2000e66a14d3c449f04c572f3048c66e6697", [:mix], []},
  "vmq_commons": {:hex, :vmq_commons, "1.0.0", "5f5005c12db33f92f40e818a3617fb148972d59adcf99298c9d3808ef3582e34", [:rebar3], []}}
